{
  "nodes": {
    "flake-utils": {
      "locked": {
        "lastModified": 1659877975,
        "narHash": "sha256-zllb8aq3YO3h8B/U0/J1WBgAL8EX5yWf5pMj3G0NAmc=",
        "owner": "numtide",
        "repo": "flake-utils",
        "rev": "c0e246b9b83f637f4681389ecabcb2681b4f3af0",
        "type": "github"
      },
      "original": {
        "owner": "numtide",
        "repo": "flake-utils",
        "type": "github"
      }
    },
    "flake-utils_2": {
      "locked": {
        "lastModified": 1659877975,
        "narHash": "sha256-zllb8aq3YO3h8B/U0/J1WBgAL8EX5yWf5pMj3G0NAmc=",
        "owner": "numtide",
        "repo": "flake-utils",
        "rev": "c0e246b9b83f637f4681389ecabcb2681b4f3af0",
        "type": "github"
      },
      "original": {
        "owner": "numtide",
        "repo": "flake-utils",
        "type": "github"
      }
    },
    "nixpkgs": {
      "locked": {
        "lastModified": 1663357389,
        "narHash": "sha256-oYA2nVRSi6yhCBqS5Vz465Hw+3BQOVFEhfbfy//3vTs=",
        "owner": "nixos",
        "repo": "nixpkgs",
        "rev": "da6a05816e7fa5226c3f61e285ef8d9dfc868f3c",
        "type": "github"
      },
      "original": {
        "owner": "nixos",
        "ref": "nixos-unstable",
        "repo": "nixpkgs",
        "type": "github"
      }
    },
    "nixpkgs_2": {
      "locked": {
        "lastModified": 1663498339,
        "narHash": "sha256-lhnri2APYXjKj6tqdNY4jGjQI3/v6ocOO6nDWTBxzlI=",
        "owner": "NixOS",
        "repo": "nixpkgs",
        "rev": "450920044d8b5576dd9d803ac2961ab7dfe6d0c3",
        "type": "github"
      },
      "original": {
        "owner": "NixOS",
        "repo": "nixpkgs",
        "type": "github"
      }
    },
    "poetry2nix": {
      "inputs": {
        "flake-utils": "flake-utils_2",
        "nixpkgs": "nixpkgs_2"
      },
      "locked": {
        "lastModified": 1662879385,
        "narHash": "sha256-ZmiyHn0uPH4xHYcOhY0e0sPtfyM6jCF/shmVq2aTOLc=",
        "owner": "nix-community",
        "repo": "poetry2nix",
        "rev": "4f8d61cd936f853242a4ce1fd476f5488c288c26",
        "type": "github"
      },
      "original": {
        "id": "poetry2nix",
        "type": "indirect"
      }
    },
    "root": {
      "inputs": {
        "flake-utils": "flake-utils",
        "nixpkgs": "nixpkgs",
        "poetry2nix": "poetry2nix"
      }
    }
  },
  "root": "root",
  "version": 7
}
